
Microsoft Visual Studio Solution File, Format Version 12.00
# Visual Studio Version 18
VisualStudioVersion = 18.4.11612.150 stable
MinimumVisualStudioVersion = 10.0.40219.1
Project("{9A19103F-16F7-4668-BE54-9A1E7A4F7556}") = "AiAssistant.Server", "AiAssistant.Server\AiAssistant.Server.csproj", "{C52267E3-201A-4689-822B-494A3D4485A3}"
EndProject
Project("{FAE04EC0-301F-11D3-BF4B-00C04F79EFBC}") = "AiAssistant.UIControls", "AiAssistant.UIControls\AiAssistant.UIControls.csproj", "{A1B2C3D4-E5F6-7890-1234-567890ABCDEF}"
EndProject
Project("{FAE04EC0-301F-11D3-BF4B-00C04F79EFBC}") = "AiAssistant.UITester", "AiAssistant.UITester\AiAssistant.UITester.csproj", "{FEDCBA09-8765-4321-0FED-CBA987654321}"
EndProject
Project("{FAE04EC0-301F-11D3-BF4B-00C04F79EFBC}") = "AiAssistant.WinFormsClient", "AiAssistant.WinFormsClient\AiAssistant.WinFormsClient.csproj", "{2A487120-2B66-FF7F-C47A-5CF8785F59EB}"
EndProject
Global
	GlobalSection(SolutionConfigurationPlatforms) = preSolution
		Debug|Any CPU = Debug|Any CPU
		Release|Any CPU = Release|Any CPU
	EndGlobalSection
	GlobalSection(ProjectConfigurationPlatforms) = postSolution
		{C52267E3-201A-4689-822B-494A3D4485A3}.Debug|Any CPU.ActiveCfg = Debug|Any CPU
		{C52267E3-201A-4689-822B-494A3D4485A3}.Debug|Any CPU.Build.0 = Debug|Any CPU
		{C52267E3-201A-4689-822B-494A3D4485A3}.Release|Any CPU.ActiveCfg = Release|Any CPU
		{C52267E3-201A-4689-822B-494A3D4485A3}.Release|Any CPU.Build.0 = Release|Any CPU
		{A1B2C3D4-E5F6-7890-1234-567890ABCDEF}.Debug|Any CPU.ActiveCfg = Debug|Any CPU
		{A1B2C3D4-E5F6-7890-1234-567890ABCDEF}.Debug|Any CPU.Build.0 = Debug|Any CPU
		{A1B2C3D4-E5F6-7890-1234-567890ABCDEF}.Release|Any CPU.ActiveCfg = Release|Any CPU
		{A1B2C3D4-E5F6-7890-1234-567890ABCDEF}.Release|Any CPU.Build.0 = Release|Any CPU
		{FEDCBA09-8765-4321-0FED-CBA987654321}.Debug|Any CPU.ActiveCfg = Debug|Any CPU
		{FEDCBA09-8765-4321-0FED-CBA987654321}.Debug|Any CPU.Build.0 = Debug|Any CPU
		{FEDCBA09-8765-4321-0FED-CBA987654321}.Release|Any CPU.ActiveCfg = Release|Any CPU
		{FEDCBA09-8765-4321-0FED-CBA987654321}.Release|Any CPU.Build.0 = Release|Any CPU
		{2A487120-2B66-FF7F-C47A-5CF8785F59EB}.Debug|Any CPU.ActiveCfg = Debug|Any CPU
		{2A487120-2B66-FF7F-C47A-5CF8785F59EB}.Debug|Any CPU.Build.0 = Debug|Any CPU
		{2A487120-2B66-FF7F-C47A-5CF8785F59EB}.Release|Any CPU.ActiveCfg = Release|Any CPU
		{2A487120-2B66-FF7F-C47A-5CF8785F59EB}.Release|Any CPU.Build.0 = Release|Any CPU
	EndGlobalSection
	GlobalSection(SolutionProperties) = preSolution
		HideSolutionNode = FALSE
	EndGlobalSection
EndGlobal
